
Microsoft Visual Studio Solution File, Format Version 12.00
# Visual Studio Version 17
VisualStudioVersion = 17.14.36127.28 d17.14
MinimumVisualStudioVersion = 10.0.40219.1
Project("{FAE04EC0-301F-11D3-BF4B-00C04F79EFBC}") = "API", "nutrigoal-backend\API.csproj", "{ED4A7A53-F02F-43DA-B188-965F8A64195E}"
EndProject
Global
	GlobalSection(SolutionConfigurationPlatforms) = preSolution
		Debug|Any CPU = Debug|Any CPU
		Release|Any CPU = Release|Any CPU
	EndGlobalSection
	GlobalSection(ProjectConfigurationPlatforms) = postSolution
		{ED4A7A53-F02F-43DA-B188-965F8A64195E}.Debug|Any CPU.ActiveCfg = Debug|Any CPU
		{ED4A7A53-F02F-43DA-B188-965F8A64195E}.Debug|Any CPU.Build.0 = Debug|Any CPU
		{ED4A7A53-F02F-43DA-B188-965F8A64195E}.Release|Any CPU.ActiveCfg = Release|Any CPU
		{ED4A7A53-F02F-43DA-B188-965F8A64195E}.Release|Any CPU.Build.0 = Release|Any CPU
	EndGlobalSection
	GlobalSection(SolutionProperties) = preSolution
		HideSolutionNode = FALSE
	EndGlobalSection
	GlobalSection(ExtensibilityGlobals) = postSolution
		SolutionGuid = {B3B07C1A-F764-457D-8CAC-CEF69C116EF9}
	EndGlobalSection
EndGlobal
